// !$*UTF8*$!
{
	archiveVersion = 1;
	classes = {
	};
	objectVersion = 46;
	objects = {

/* Begin PBXBuildFile section */
		7812EC50EBA2C30866274F8E /* Pods_FBDemo.framework in Frameworks */ = {isa = PBXBuildFile; fileRef = 3351B8193231A5BC4E9F8BA6 /* Pods_FBDemo.framework */; };
		7853CBFC1F3B95B200A73C4F /* AppDelegate.swift in Sources */ = {isa = PBXBuildFile; fileRef = 7853CBFB1F3B95B200A73C4F /* AppDelegate.swift */; };
		7853CBFE1F3B95B200A73C4F /* ViewController.swift in Sources */ = {isa = PBXBuildFile; fileRef = 7853CBFD1F3B95B200A73C4F /* ViewController.swift */; };
		7853CC011F3B95B200A73C4F /* Main.storyboard in Resources */ = {isa = PBXBuildFile; fileRef = 7853CBFF1F3B95B200A73C4F /* Main.storyboard */; };
		7853CC031F3B95B200A73C4F /* Assets.xcassets in Resources */ = {isa = PBXBuildFile; fileRef = 7853CC021F3B95B200A73C4F /* Assets.xcassets */; };
		7853CC061F3B95B200A73C4F /* LaunchScreen.storyboard in Resources */ = {isa = PBXBuildFile; fileRef = 7853CC041F3B95B200A73C4F /* LaunchScreen.storyboard */; };
/* End PBXBuildFile section */

/* Begin PBXFileReference section */
		3351B8193231A5BC4E9F8BA6 /* Pods_FBDemo.framework */ = {isa = PBXFileReference; explicitFileType = wrapper.framework; includeInIndex = 0; path = Pods_FBDemo.framework; sourceTree = BUILT_PRODUCTS_DIR; };
		7853CBF81F3B95B200A73C4F /* FBDemo.app */ = {isa = PBXFileReference; explicitFileType = wrapper.application; includeInIndex = 0; path = FBDemo.app; sourceTree = BUILT_PRODUCTS_DIR; };
		7853CBFB1F3B95B200A73C4F /* AppDelegate.swift */ = {isa = PBXFileReference; lastKnownFileType = sourcecode.swift; path = AppDelegate.swift; sourceTree = "<group>"; };
		7853CBFD1F3B95B200A73C4F /* ViewController.swift */ = {isa = PBXFileReference; lastKnownFileType = sourcecode.swift; path = ViewController.swift; sourceTree = "<group>"; };
		7853CC001F3B95B200A73C4F /* Base */ = {isa = PBXFileReference; lastKnownFileType = file.storyboard; name = Base; path = Base.lproj/Main.storyboard; sourceTree = "<group>"; };
		7853CC021F3B95B200A73C4F /* Assets.xcassets */ = {isa = PBXFileReference; lastKnownFileType = folder.assetcatalog; path = Assets.xcassets; sourceTree = "<group>"; };
		7853CC051F3B95B200A73C4F /* Base */ = {isa = PBXFileReference; lastKnownFileType = file.storyboard; name = Base; path = Base.lproj/LaunchScreen.storyboard; sourceTree = "<group>"; };
		7853CC071F3B95B200A73C4F /* Info.plist */ = {isa = PBXFileReference; lastKnownFileType = text.plist.xml; path = Info.plist; sourceTree = "<group>"; };
		9462B64D2CDDC90563311578 /* Pods-FBDemo.debug.xcconfig */ = {isa = PBXFileReference; includeInIndex = 1; lastKnownFileType = text.xcconfig; name = "Pods-FBDemo.debug.xcconfig"; path = "Pods/Target Support Files/Pods-FBDemo/Pods-FBDemo.debug.xcconfig"; sourceTree = "<group>"; };
		E213ACE2FCCA3C8349D8B1C1 /* Pods-FBDemo.release.xcconfig */ = {isa = PBXFileReference; includeInIndex = 1; lastKnownFileType = text.xcconfig; name = "Pods-FBDemo.release.xcconfig"; path = "Pods/Target Support Files/Pods-FBDemo/Pods-FBDemo.release.xcconfig"; sourceTree = "<group>"; };
/* End PBXFileReference section */

/* Begin PBXFrameworksBuildPhase section */
		7853CBF51F3B95B200A73C4F /* Frameworks */ = {
			isa = PBXFrameworksBuildPhase;
			buildActionMask = 2147483647;
			files = (
				7812EC50EBA2C30866274F8E /* Pods_FBDemo.framework in Frameworks */,
			);
			runOnlyForDeploymentPostprocessing = 0;
		};
/* End PBXFrameworksBuildPhase section */

/* Begin PBXGroup section */
		7853CBEF1F3B95B200A73C4F = {
			isa = PBXGroup;
			children = (
				7853CBFA1F3B95B200A73C4F /* FBDemo */,
				7853CBF91F3B95B200A73C4F /* Products */,
				D874A2E32C42F25C54A241FB /* Pods */,
				BDFCA59E3266C96C1E2679B7 /* Frameworks */,
			);
			sourceTree = "<group>";
		};
		7853CBF91F3B95B200A73C4F /* Products */ = {
			isa = PBXGroup;
			children = (
				7853CBF81F3B95B200A73C4F /* FBDemo.app */,
			);
			name = Products;
			sourceTree = "<group>";
		};
		7853CBFA1F3B95B200A73C4F /* FBDemo */ = {
			isa = PBXGroup;
			children = (
				7853CBFB1F3B95B200A73C4F /* AppDelegate.swift */,
				7853CBFD1F3B95B200A73C4F /* ViewController.swift */,
				7853CBFF1F3B95B200A73C4F /* Main.storyboard */,
				7853CC021F3B95B200A73C4F /* Assets.xcassets */,
				7853CC041F3B95B200A73C4F /* LaunchScreen.storyboard */,
				7853CC071F3B95B200A73C4F /* Info.plist */,
			);
			path = FBDemo;
			sourceTree = "<group>";
		};
		BDFCA59E3266C96C1E2679B7 /* Frameworks */ = {
			isa = PBXGroup;
			children = (
				3351B8193231A5BC4E9F8BA6 /* Pods_FBDemo.framework */,
			);
			name = Frameworks;
			sourceTree = "<group>";
		};
		D874A2E32C42F25C54A241FB /* Pods */ = {
			isa = PBXGroup;
			children = (
				9462B64D2CDDC90563311578 /* Pods-FBDemo.debug.xcconfig */,
				E213ACE2FCCA3C8349D8B1C1 /* Pods-FBDemo.release.xcconfig */,
			);
			name = Pods;
			sourceTree = "<group>";
		};
/* End PBXGroup section */

/* Begin PBXNativeTarget section */
		7853CBF71F3B95B200A73C4F /* FBDemo */ = {
			isa = PBXNativeTarget;
			buildConfigurationList = 7853CC0A1F3B95B200A73C4F /* Build configuration list for PBXNativeTarget "FBDemo" */;
			buildPhases = (
				2622D786DEA9656498ADCB7D /* [CP] Check Pods Manifest.lock */,
				7853CBF41F3B95B200A73C4F /* Sources */,
				7853CBF51F3B95B200A73C4F /* Frameworks */,
				7853CBF61F3B95B200A73C4F /* Resources */,
				D12C12A73157805916134883 /* [CP] Embed Pods Frameworks */,
				D9592455A72E0B6251A72613 /* [CP] Copy Pods Resources */,
			);
			buildRules = (
			);
			dependencies = (
			);
			name = FBDemo;
			productName = FBDemo;
			productReference = 7853CBF81F3B95B200A73C4F /* FBDemo.app */;
			productType = "com.apple.product-type.application";
		};
/* End PBXNativeTarget section */

/* Begin PBXProject section */
		7853CBF01F3B95B200A73C4F /* Project object */ = {
			isa = PBXProject;
			attributes = {
				LastSwiftUpdateCheck = 0830;
				LastUpgradeCheck = 0830;
				ORGANIZATIONNAME = uday;
				TargetAttributes = {
					7853CBF71F3B95B200A73C4F = {
						CreatedOnToolsVersion = 8.3.2;
						ProvisioningStyle = Automatic;
					};
				};
			};
			buildConfigurationList = 7853CBF31F3B95B200A73C4F /* Build configuration list for PBXProject "FBDemo" */;
			compatibilityVersion = "Xcode 3.2";
			developmentRegion = English;
			hasScannedForEncodings = 0;
			knownRegions = (
				en,
				Base,
			);
			mainGroup = 7853CBEF1F3B95B200A73C4F;
			productRefGroup = 7853CBF91F3B95B200A73C4F /* Products */;
			projectDirPath = "";
			projectRoot = "";
			targets = (
				7853CBF71F3B95B200A73C4F /* FBDemo */,
			);
		};
/* End PBXProject section */

/* Begin PBXResourcesBuildPhase section */
		7853CBF61F3B95B200A73C4F /* Resources */ = {
			isa = PBXResourcesBuildPhase;
			buildActionMask = 2147483647;
			files = (
				7853CC061F3B95B200A73C4F /* LaunchScreen.storyboard in Resources */,
				7853CC031F3B95B200A73C4F /* Assets.xcassets in Resources */,
				7853CC011F3B95B200A73C4F /* Main.storyboard in Resources */,
			);
			runOnlyForDeploymentPostprocessing = 0;
		};
/* End PBXResourcesBuildPhase section */

/* Begin PBXShellScriptBuildPhase section */
		2622D786DEA9656498ADCB7D /* [CP] Check Pods Manifest.lock */ = {
			isa = PBXShellScriptBuildPhase;
			buildActionMask = 2147483647;
			files = (
			);
			inputPaths = (
			);
			name = "[CP] Check Pods Manifest.lock";
			outputPaths = (
			);
			runOnlyForDeploymentPostprocessing = 0;
			shellPath = /bin/sh;
			shellScript = "diff \"${PODS_PODFILE_DIR_PATH}/Podfile.lock\" \"${PODS_ROOT}/Manifest.lock\" > /dev/null\nif [ $? != 0 ] ; then\n    # print error to STDERR\n    echo \"error: The sandbox is not in sync with the Podfile.lock. Run 'pod install' or update your CocoaPods installation.\" >&2\n    exit 1\nfi\n";
			showEnvVarsInLog = 0;
		};
		D12C12A73157805916134883 /* [CP] Embed Pods Frameworks */ = {
			isa = PBXShellScriptBuildPhase;
			buildActionMask = 2147483647;
			files = (
			);
			inputPaths = (
			);
			name = "[CP] Embed Pods Frameworks";
			outputPaths = (
			);
			runOnlyForDeploymentPostprocessing = 0;
			shellPath = /bin/sh;
			shellScript = "\"${SRCROOT}/Pods/Target Support Files/Pods-FBDemo/Pods-FBDemo-frameworks.sh\"\n";
			showEnvVarsInLog = 0;
		};
		D9592455A72E0B6251A72613 /* [CP] Copy Pods Resources */ = {
			isa = PBXShellScriptBuildPhase;
			buildActionMask = 2147483647;
			files = (
			);
			inputPaths = (
			);
			name = "[CP] Copy Pods Resources";
			outputPaths = (
			);
			runOnlyForDeploymentPostprocessing = 0;
			shellPath = /bin/sh;
			shellScript = "\"${SRCROOT}/Pods/Target Support Files/Pods-FBDemo/Pods-FBDemo-resources.sh\"\n";
			showEnvVarsInLog = 0;
		};
/* End PBXShellScriptBuildPhase section */

/* Begin PBXSourcesBuildPhase section */
		7853CBF41F3B95B200A73C4F /* Sources */ = {
			isa = PBXSourcesBuildPhase;
			buildActionMask = 2147483647;
			files = (
				7853CBFE1F3B95B200A73C4F /* ViewController.swift in Sources */,
				7853CBFC1F3B95B200A73C4F /* AppDelegate.swift in Sources */,
			);
			runOnlyForDeploymentPostprocessing = 0;
		};
/* End PBXSourcesBuildPhase section */

/* Begin PBXVariantGroup section */
		7853CBFF1F3B95B200A73C4F /* Main.storyboard */ = {
			isa = PBXVariantGroup;
			children = (
				7853CC001F3B95B200A73C4F /* Base */,
			);
			name = Main.storyboard;
			sourceTree = "<group>";
		};
		7853CC041F3B95B200A73C4F /* LaunchScreen.storyboard */ = {
			isa = PBXVariantGroup;
			children = (
				7853CC051F3B95B200A73C4F /* Base */,
			);
			name = LaunchScreen.storyboard;
			sourceTree = "<group>";
		};
/* End PBXVariantGroup section */

/* Begin XCBuildConfiguration section */
		7853CC081F3B95B200A73C4F /* Debug */ = {
			isa = XCBuildConfiguration;
			buildSettings = {
				ALWAYS_SEARCH_USER_PATHS = NO;
				CLANG_ANALYZER_NONNULL = YES;
				CLANG_ANALYZER_NUMBER_OBJECT_CONVERSION = YES_AGGRESSIVE;
				CLANG_CXX_LANGUAGE_STANDARD = "gnu++0x";
				CLANG_CXX_LIBRARY = "libc++";
				CLANG_ENABLE_MODULES = YES;
				CLANG_ENABLE_OBJC_ARC = YES;
				CLANG_WARN_BOOL_CONVERSION = YES;
				CLANG_WARN_CONSTANT_CONVERSION = YES;
				CLANG_WARN_DIRECT_OBJC_ISA_USAGE = YES_ERROR;
				CLANG_WARN_DOCUMENTATION_COMMENTS = YES;
				CLANG_WARN_EMPTY_BODY = YES;
				CLANG_WARN_ENUM_CONVERSION = YES;
				CLANG_WARN_INFINITE_RECURSION = YES;
				CLANG_WARN_INT_CONVERSION = YES;
				CLANG_WARN_OBJC_ROOT_CLASS = YES_ERROR;
				CLANG_WARN_SUSPICIOUS_MOVE = YES;
				CLANG_WARN_UNREACHABLE_CODE = YES;
				CLANG_WARN__DUPLICATE_METHOD_MATCH = YES;
				"CODE_SIGN_IDENTITY[sdk=iphoneos*]" = "iPhone Developer";
				COPY_PHASE_STRIP = NO;
				DEBUG_INFORMATION_FORMAT = dwarf;
				ENABLE_STRICT_OBJC_MSGSEND = YES;
				ENABLE_TESTABILITY = YES;
				GCC_C_LANGUAGE_STANDARD = gnu99;
				GCC_DYNAMIC_NO_PIC = NO;
				GCC_NO_COMMON_BLOCKS = YES;
				GCC_OPTIMIZATION_LEVEL = 0;
				GCC_PREPROCESSOR_DEFINITIONS = (
					"DEBUG=1",
					"$(inherited)",
				);
				GCC_WARN_64_TO_32_BIT_CONVERSION = YES;
				GCC_WARN_ABOUT_RETURN_TYPE = YES_ERROR;
				GCC_WARN_UNDECLARED_SELECTOR = YES;
				GCC_WARN_UNINITIALIZED_AUTOS = YES_AGGRESSIVE;
				GCC_WARN_UNUSED_FUNCTION = YES;
				GCC_WARN_UNUSED_VARIABLE = YES;
				IPHONEOS_DEPLOYMENT_TARGET = 10.3;
				MTL_ENABLE_DEBUG_INFO = YES;
				ONLY_ACTIVE_ARCH = YES;
				SDKROOT = iphoneos;
				SWIFT_ACTIVE_COMPILATION_CONDITIONS = DEBUG;
				SWIFT_OPTIMIZATION_LEVEL = "-Onone";
				TARGETED_DEVICE_FAMILY = "1,2";
			};
			name = Debug;
		};
		7853CC091F3B95B200A73C4F /* Release */ = {
			isa = XCBuildConfiguration;
			buildSettings = {
				ALWAYS_SEARCH_USER_PATHS = NO;
				CLANG_ANALYZER_NONNULL = YES;
				CLANG_ANALYZER_NUMBER_OBJECT_CONVERSION = YES_AGGRESSIVE;
				CLANG_CXX_LANGUAGE_STANDARD = "gnu++0x";
				CLANG_CXX_LIBRARY = "libc++";
				CLANG_ENABLE_MODULES = YES;
				CLANG_ENABLE_OBJC_ARC = YES;
				CLANG_WARN_BOOL_CONVERSION = YES;
				CLANG_WARN_CONSTANT_CONVERSION = YES;
				CLANG_WARN_DIRECT_OBJC_ISA_USAGE = YES_ERROR;
				CLANG_WARN_DOCUMENTATION_COMMENTS = YES;
				CLANG_WARN_EMPTY_BODY = YES;
				CLANG_WARN_ENUM_CONVERSION = YES;
				CLANG_WARN_INFINITE_RECURSION = YES;
				CLANG_WARN_INT_CONVERSION = YES;
				CLANG_WARN_OBJC_ROOT_CLASS = YES_ERROR;
				CLANG_WARN_SUSPICIOUS_MOVE = YES;
				CLANG_WARN_UNREACHABLE_CODE = YES;
				CLANG_WARN__DUPLICATE_METHOD_MATCH = YES;
				"CODE_SIGN_IDENTITY[sdk=iphoneos*]" = "iPhone Developer";
				COPY_PHASE_STRIP = NO;
				DEBUG_INFORMATION_FORMAT = "dwarf-with-dsym";
				ENABLE_NS_ASSERTIONS = NO;
				ENABLE_STRICT_OBJC_MSGSEND = YES;
				GCC_C_LANGUAGE_STANDARD = gnu99;
				GCC_NO_COMMON_BLOCKS = YES;
				GCC_WARN_64_TO_32_BIT_CONVERSION = YES;
				GCC_WARN_ABOUT_RETURN_TYPE = YES_ERROR;
				GCC_WARN_UNDECLARED_SELECTOR = YES;
				GCC_WARN_UNINITIALIZED_AUTOS = YES_AGGRESSIVE;
				GCC_WARN_UNUSED_FUNCTION = YES;
				GCC_WARN_UNUSED_VARIABLE = YES;
				IPHONEOS_DEPLOYMENT_TARGET = 10.3;
				MTL_ENABLE_DEBUG_INFO = NO;
				SDKROOT = iphoneos;
				SWIFT_OPTIMIZATION_LEVEL = "-Owholemodule";
				TARGETED_DEVICE_FAMILY = "1,2";
				VALIDATE_PRODUCT = YES;
			};
			name = Release;
		};
		7853CC0B1F3B95B200A73C4F /* Debug */ = {
			isa = XCBuildConfiguration;
			baseConfigurationReference = 9462B64D2CDDC90563311578 /* Pods-FBDemo.debug.xcconfig */;
			buildSettings = {
				ASSETCATALOG_COMPILER_APPICON_NAME = AppIcon;
				INFOPLIST_FILE = FBDemo/Info.plist;
				LD_RUNPATH_SEARCH_PATHS = "$(inherited) @executable_path/Frameworks";
				PRODUCT_BUNDLE_IDENTIFIER = com.uday.FBDemo;
				PRODUCT_NAME = "$(TARGET_NAME)";
				SWIFT_VERSION = 3.0;
			};
			name = Debug;
		};
		7853CC0C1F3B95B200A73C4F /* Release */ = {
			isa = XCBuildConfiguration;
			baseConfigurationReference = E213ACE2FCCA3C8349D8B1C1 /* Pods-FBDemo.release.xcconfig */;
			buildSettings = {
				ASSETCATALOG_COMPILER_APPICON_NAME = AppIcon;
				INFOPLIST_FILE = FBDemo/Info.plist;
				LD_RUNPATH_SEARCH_PATHS = "$(inherited) @executable_path/Frameworks";
				PRODUCT_BUNDLE_IDENTIFIER = com.uday.FBDemo;
				PRODUCT_NAME = "$(TARGET_NAME)";
				SWIFT_VERSION = 3.0;
			};
			name = Release;
		};
/* End XCBuildConfiguration section */

/* Begin XCConfigurationList section */
		7853CBF31F3B95B200A73C4F /* Build configuration list for PBXProject "FBDemo" */ = {
			isa = XCConfigurationList;
			buildConfigurations = (
				7853CC081F3B95B200A73C4F /* Debug */,
				7853CC091F3B95B200A73C4F /* Release */,
			);
			defaultConfigurationIsVisible = 0;
			defaultConfigurationName = Release;
		};
		7853CC0A1F3B95B200A73C4F /* Build configuration list for PBXNativeTarget "FBDemo" */ = {
			isa = XCConfigurationList;
			buildConfigurations = (
				7853CC0B1F3B95B200A73C4F /* Debug */,
				7853CC0C1F3B95B200A73C4F /* Release */,
			);
			defaultConfigurationIsVisible = 0;
		};
/* End XCConfigurationList section */
	};
	rootObject = 7853CBF01F3B95B200A73C4F /* Project object */;
}
